
Microsoft Visual Studio Solution File, Format Version 12.00
# Visual Studio Version 16
VisualStudioVersion = 16.0.32126.315
MinimumVisualStudioVersion = 10.0.40219.1
Project("{8BC9CEB8-8B4A-11D0-8D11-00A0C91BC942}") = "001auto", "001auto\001auto.vcxproj", "{86825EC0-D79C-4812-AE46-0918E860653D}"
EndProject
Project("{8BC9CEB8-8B4A-11D0-8D11-00A0C91BC942}") = "002decltype", "002decltype\002decltype.vcxproj", "{5D4324A6-BE52-4513-9369-C89DEB971AC9}"
EndProject
Project("{8BC9CEB8-8B4A-11D0-8D11-00A0C91BC942}") = "003右值引用", "003右值引用\003右值引用.vcxproj", "{E06D16B7-CDC1-4C6D-AFDB-6DA82A6D856D}"
EndProject
Project("{8BC9CEB8-8B4A-11D0-8D11-00A0C91BC942}") = "004结构化绑定", "004结构化绑定\004结构化绑定.vcxproj", "{EB0E4EFC-A085-4BA0-A80B-6E8B25FE8002}"
EndProject
Project("{8BC9CEB8-8B4A-11D0-8D11-00A0C91BC942}") = "005用户自定义字面量", "005用户自定义字面量\005用户自定义字面量.vcxproj", "{5613B7E9-C22C-42F5-B6F0-D1ED7DA3FA42}"
EndProject
Project("{8BC9CEB8-8B4A-11D0-8D11-00A0C91BC942}") = "006协程", "006协程\006协程.vcxproj", "{497F4633-2CE9-4109-9541-2F32C63BC018}"
EndProject
Project("{8BC9CEB8-8B4A-11D0-8D11-00A0C91BC942}") = "007模板元编程", "007模板元编程\007模板元编程.vcxproj", "{817C7F20-BCF6-4439-ADCF-AB74391FFEAB}"
EndProject
Global
	GlobalSection(SolutionConfigurationPlatforms) = preSolution
		Debug|x64 = Debug|x64
		Debug|x86 = Debug|x86
		Release|x64 = Release|x64
		Release|x86 = Release|x86
	EndGlobalSection
	GlobalSection(ProjectConfigurationPlatforms) = postSolution
		{86825EC0-D79C-4812-AE46-0918E860653D}.Debug|x64.ActiveCfg = Debug|x64
		{86825EC0-D79C-4812-AE46-0918E860653D}.Debug|x64.Build.0 = Debug|x64
		{86825EC0-D79C-4812-AE46-0918E860653D}.Debug|x86.ActiveCfg = Debug|Win32
		{86825EC0-D79C-4812-AE46-0918E860653D}.Debug|x86.Build.0 = Debug|Win32
		{86825EC0-D79C-4812-AE46-0918E860653D}.Release|x64.ActiveCfg = Release|x64
		{86825EC0-D79C-4812-AE46-0918E860653D}.Release|x64.Build.0 = Release|x64
		{86825EC0-D79C-4812-AE46-0918E860653D}.Release|x86.ActiveCfg = Release|Win32
		{86825EC0-D79C-4812-AE46-0918E860653D}.Release|x86.Build.0 = Release|Win32
		{5D4324A6-BE52-4513-9369-C89DEB971AC9}.Debug|x64.ActiveCfg = Debug|x64
		{5D4324A6-BE52-4513-9369-C89DEB971AC9}.Debug|x64.Build.0 = Debug|x64
		{5D4324A6-BE52-4513-9369-C89DEB971AC9}.Debug|x86.ActiveCfg = Debug|Win32
		{5D4324A6-BE52-4513-9369-C89DEB971AC9}.Debug|x86.Build.0 = Debug|Win32
		{5D4324A6-BE52-4513-9369-C89DEB971AC9}.Release|x64.ActiveCfg = Release|x64
		{5D4324A6-BE52-4513-9369-C89DEB971AC9}.Release|x64.Build.0 = Release|x64
		{5D4324A6-BE52-4513-9369-C89DEB971AC9}.Release|x86.ActiveCfg = Release|Win32
		{5D4324A6-BE52-4513-9369-C89DEB971AC9}.Release|x86.Build.0 = Release|Win32
		{E06D16B7-CDC1-4C6D-AFDB-6DA82A6D856D}.Debug|x64.ActiveCfg = Debug|x64
		{E06D16B7-CDC1-4C6D-AFDB-6DA82A6D856D}.Debug|x64.Build.0 = Debug|x64
		{E06D16B7-CDC1-4C6D-AFDB-6DA82A6D856D}.Debug|x86.ActiveCfg = Debug|Win32
		{E06D16B7-CDC1-4C6D-AFDB-6DA82A6D856D}.Debug|x86.Build.0 = Debug|Win32
		{E06D16B7-CDC1-4C6D-AFDB-6DA82A6D856D}.Release|x64.ActiveCfg = Release|x64
		{E06D16B7-CDC1-4C6D-AFDB-6DA82A6D856D}.Release|x64.Build.0 = Release|x64
		{E06D16B7-CDC1-4C6D-AFDB-6DA82A6D856D}.Release|x86.ActiveCfg = Release|Win32
		{E06D16B7-CDC1-4C6D-AFDB-6DA82A6D856D}.Release|x86.Build.0 = Release|Win32
		{EB0E4EFC-A085-4BA0-A80B-6E8B25FE8002}.Debug|x64.ActiveCfg = Debug|x64
		{EB0E4EFC-A085-4BA0-A80B-6E8B25FE8002}.Debug|x64.Build.0 = Debug|x64
		{EB0E4EFC-A085-4BA0-A80B-6E8B25FE8002}.Debug|x86.ActiveCfg = Debug|Win32
		{EB0E4EFC-A085-4BA0-A80B-6E8B25FE8002}.Debug|x86.Build.0 = Debug|Win32
		{EB0E4EFC-A085-4BA0-A80B-6E8B25FE8002}.Release|x64.ActiveCfg = Release|x64
		{EB0E4EFC-A085-4BA0-A80B-6E8B25FE8002}.Release|x64.Build.0 = Release|x64
		{EB0E4EFC-A085-4BA0-A80B-6E8B25FE8002}.Release|x86.ActiveCfg = Release|Win32
		{EB0E4EFC-A085-4BA0-A80B-6E8B25FE8002}.Release|x86.Build.0 = Release|Win32
		{5613B7E9-C22C-42F5-B6F0-D1ED7DA3FA42}.Debug|x64.ActiveCfg = Debug|x64
		{5613B7E9-C22C-42F5-B6F0-D1ED7DA3FA42}.Debug|x64.Build.0 = Debug|x64
		{5613B7E9-C22C-42F5-B6F0-D1ED7DA3FA42}.Debug|x86.ActiveCfg = Debug|Win32
		{5613B7E9-C22C-42F5-B6F0-D1ED7DA3FA42}.Debug|x86.Build.0 = Debug|Win32
		{5613B7E9-C22C-42F5-B6F0-D1ED7DA3FA42}.Release|x64.ActiveCfg = Release|x64
		{5613B7E9-C22C-42F5-B6F0-D1ED7DA3FA42}.Release|x64.Build.0 = Release|x64
		{5613B7E9-C22C-42F5-B6F0-D1ED7DA3FA42}.Release|x86.ActiveCfg = Release|Win32
		{5613B7E9-C22C-42F5-B6F0-D1ED7DA3FA42}.Release|x86.Build.0 = Release|Win32
		{497F4633-2CE9-4109-9541-2F32C63BC018}.Debug|x64.ActiveCfg = Debug|x64
		{497F4633-2CE9-4109-9541-2F32C63BC018}.Debug|x64.Build.0 = Debug|x64
		{497F4633-2CE9-4109-9541-2F32C63BC018}.Debug|x86.ActiveCfg = Debug|Win32
		{497F4633-2CE9-4109-9541-2F32C63BC018}.Debug|x86.Build.0 = Debug|Win32
		{497F4633-2CE9-4109-9541-2F32C63BC018}.Release|x64.ActiveCfg = Release|x64
		{497F4633-2CE9-4109-9541-2F32C63BC018}.Release|x64.Build.0 = Release|x64
		{497F4633-2CE9-4109-9541-2F32C63BC018}.Release|x86.ActiveCfg = Release|Win32
		{497F4633-2CE9-4109-9541-2F32C63BC018}.Release|x86.Build.0 = Release|Win32
		{817C7F20-BCF6-4439-ADCF-AB74391FFEAB}.Debug|x64.ActiveCfg = Debug|x64
		{817C7F20-BCF6-4439-ADCF-AB74391FFEAB}.Debug|x64.Build.0 = Debug|x64
		{817C7F20-BCF6-4439-ADCF-AB74391FFEAB}.Debug|x86.ActiveCfg = Debug|Win32
		{817C7F20-BCF6-4439-ADCF-AB74391FFEAB}.Debug|x86.Build.0 = Debug|Win32
		{817C7F20-BCF6-4439-ADCF-AB74391FFEAB}.Release|x64.ActiveCfg = Release|x64
		{817C7F20-BCF6-4439-ADCF-AB74391FFEAB}.Release|x64.Build.0 = Release|x64
		{817C7F20-BCF6-4439-ADCF-AB74391FFEAB}.Release|x86.ActiveCfg = Release|Win32
		{817C7F20-BCF6-4439-ADCF-AB74391FFEAB}.Release|x86.Build.0 = Release|Win32
	EndGlobalSection
	GlobalSection(SolutionProperties) = preSolution
		HideSolutionNode = FALSE
	EndGlobalSection
	GlobalSection(ExtensibilityGlobals) = postSolution
		SolutionGuid = {899F45F4-D1FC-42A6-92BF-1F1543FC3C43}
	EndGlobalSection
EndGlobal
